
Microsoft Visual Studio Solution File, Format Version 12.00
# Visual Studio 15
VisualStudioVersion = 15.0.28307.705
MinimumVisualStudioVersion = 10.0.40219.1
Project("{FAE04EC0-301F-11D3-BF4B-00C04F79EFBC}") = "VKIconsToXAML", "VKIconsToXAML\VKIconsToXAML.csproj", "{CED91BD6-62D5-4790-9B03-C4DD68690D8F}"
EndProject
Global
	GlobalSection(SolutionConfigurationPlatforms) = preSolution
		Debug|Any CPU = Debug|Any CPU
		Release|Any CPU = Release|Any CPU
	EndGlobalSection
	GlobalSection(ProjectConfigurationPlatforms) = postSolution
		{CED91BD6-62D5-4790-9B03-C4DD68690D8F}.Debug|Any CPU.ActiveCfg = Debug|Any CPU
		{CED91BD6-62D5-4790-9B03-C4DD68690D8F}.Debug|Any CPU.Build.0 = Debug|Any CPU
		{CED91BD6-62D5-4790-9B03-C4DD68690D8F}.Release|Any CPU.ActiveCfg = Release|Any CPU
		{CED91BD6-62D5-4790-9B03-C4DD68690D8F}.Release|Any CPU.Build.0 = Release|Any CPU
	EndGlobalSection
	GlobalSection(SolutionProperties) = preSolution
		HideSolutionNode = FALSE
	EndGlobalSection
	GlobalSection(ExtensibilityGlobals) = postSolution
		SolutionGuid = {EF60C410-F7BC-47EB-AD72-E884B4E0FCC0}
	EndGlobalSection
EndGlobal
